
Microsoft Visual Studio Solution File, Format Version 12.00
# Visual Studio Version 17
VisualStudioVersion = 17.9.34728.123
MinimumVisualStudioVersion = 10.0.40219.1
Project("{FAE04EC0-301F-11D3-BF4B-00C04F79EFBC}") = "prjOnlineDB", "prjOnlineDB\prjOnlineDB.csproj", "{C2CF86C3-129F-46CF-ADB1-F8C024805A92}"
EndProject
Global
	GlobalSection(SolutionConfigurationPlatforms) = preSolution
		Debug|Any CPU = Debug|Any CPU
		Release|Any CPU = Release|Any CPU
	EndGlobalSection
	GlobalSection(ProjectConfigurationPlatforms) = postSolution
		{C2CF86C3-129F-46CF-ADB1-F8C024805A92}.Debug|Any CPU.ActiveCfg = Debug|Any CPU
		{C2CF86C3-129F-46CF-ADB1-F8C024805A92}.Debug|Any CPU.Build.0 = Debug|Any CPU
		{C2CF86C3-129F-46CF-ADB1-F8C024805A92}.Release|Any CPU.ActiveCfg = Release|Any CPU
		{C2CF86C3-129F-46CF-ADB1-F8C024805A92}.Release|Any CPU.Build.0 = Release|Any CPU
	EndGlobalSection
	GlobalSection(SolutionProperties) = preSolution
		HideSolutionNode = FALSE
	EndGlobalSection
	GlobalSection(ExtensibilityGlobals) = postSolution
		SolutionGuid = {2E602E4C-DF9B-4AC2-AA56-E5D17A11CF78}
	EndGlobalSection
EndGlobal
